
Microsoft Visual Studio Solution File, Format Version 12.00
# Visual Studio Version 16
VisualStudioVersion = 16.0.31515.178
MinimumVisualStudioVersion = 10.0.40219.1
Project("{FAE04EC0-301F-11D3-BF4B-00C04F79EFBC}") = "TrackerLibrary", "TrackerLibrary\TrackerLibrary.csproj", "{63A0B5FA-F263-45D9-8E6C-A04C5EF0389A}"
EndProject
Project("{FAE04EC0-301F-11D3-BF4B-00C04F79EFBC}") = "TrackerUI", "TrackerUI\TrackerUI.csproj", "{44C34EFD-FC48-421C-85F2-A16F7C67AD48}"
EndProject
Global
	GlobalSection(SolutionConfigurationPlatforms) = preSolution
		Debug|Any CPU = Debug|Any CPU
		Release|Any CPU = Release|Any CPU
	EndGlobalSection
	GlobalSection(ProjectConfigurationPlatforms) = postSolution
		{63A0B5FA-F263-45D9-8E6C-A04C5EF0389A}.Debug|Any CPU.ActiveCfg = Debug|Any CPU
		{63A0B5FA-F263-45D9-8E6C-A04C5EF0389A}.Debug|Any CPU.Build.0 = Debug|Any CPU
		{63A0B5FA-F263-45D9-8E6C-A04C5EF0389A}.Release|Any CPU.ActiveCfg = Release|Any CPU
		{63A0B5FA-F263-45D9-8E6C-A04C5EF0389A}.Release|Any CPU.Build.0 = Release|Any CPU
		{44C34EFD-FC48-421C-85F2-A16F7C67AD48}.Debug|Any CPU.ActiveCfg = Debug|Any CPU
		{44C34EFD-FC48-421C-85F2-A16F7C67AD48}.Debug|Any CPU.Build.0 = Debug|Any CPU
		{44C34EFD-FC48-421C-85F2-A16F7C67AD48}.Release|Any CPU.ActiveCfg = Release|Any CPU
		{44C34EFD-FC48-421C-85F2-A16F7C67AD48}.Release|Any CPU.Build.0 = Release|Any CPU
	EndGlobalSection
	GlobalSection(SolutionProperties) = preSolution
		HideSolutionNode = FALSE
	EndGlobalSection
	GlobalSection(ExtensibilityGlobals) = postSolution
		SolutionGuid = {4B8A99F1-D5CE-4001-B867-90BA27BD0B46}
	EndGlobalSection
EndGlobal
